// !$*UTF8*$!
{
	archiveVersion = 1;
	classes = {
	};
	objectVersion = 46;
	objects = {

/* Begin PBXBuildFile section */
		A56695F01CE8B34B00BD7EAF /* AppDelegate.swift in Sources */ = {isa = PBXBuildFile; fileRef = A56695EF1CE8B34B00BD7EAF /* AppDelegate.swift */; };
		A56695F21CE8B34B00BD7EAF /* ViewController.swift in Sources */ = {isa = PBXBuildFile; fileRef = A56695F11CE8B34B00BD7EAF /* ViewController.swift */; };
		A56695F51CE8B34B00BD7EAF /* Main.storyboard in Resources */ = {isa = PBXBuildFile; fileRef = A56695F31CE8B34B00BD7EAF /* Main.storyboard */; };
		A56695F71CE8B34B00BD7EAF /* Assets.xcassets in Resources */ = {isa = PBXBuildFile; fileRef = A56695F61CE8B34B00BD7EAF /* Assets.xcassets */; };
		A56695FA1CE8B34B00BD7EAF /* LaunchScreen.storyboard in Resources */ = {isa = PBXBuildFile; fileRef = A56695F81CE8B34B00BD7EAF /* LaunchScreen.storyboard */; };
		A56696051CE8B34B00BD7EAF /* DisplayLiveSamplesTests.swift in Sources */ = {isa = PBXBuildFile; fileRef = A56696041CE8B34B00BD7EAF /* DisplayLiveSamplesTests.swift */; };
		A56696101CE8B34B00BD7EAF /* DisplayLiveSamplesUITests.swift in Sources */ = {isa = PBXBuildFile; fileRef = A566960F1CE8B34B00BD7EAF /* DisplayLiveSamplesUITests.swift */; };
		A566961E1CE8B4A100BD7EAF /* SessionHandler.swift in Sources */ = {isa = PBXBuildFile; fileRef = A566961D1CE8B4A100BD7EAF /* SessionHandler.swift */; };
		A5A1B2D21CEA317B00626AC5 /* DlibWrapper.mm in Sources */ = {isa = PBXBuildFile; fileRef = A5A1B2D11CEA317B00626AC5 /* DlibWrapper.mm */; };
/* End PBXBuildFile section */

/* Begin PBXContainerItemProxy section */
		A56696011CE8B34B00BD7EAF /* PBXContainerItemProxy */ = {
			isa = PBXContainerItemProxy;
			containerPortal = A56695E41CE8B34B00BD7EAF /* Project object */;
			proxyType = 1;
			remoteGlobalIDString = A56695EB1CE8B34B00BD7EAF;
			remoteInfo = DisplayLiveSamples;
		};
		A566960C1CE8B34B00BD7EAF /* PBXContainerItemProxy */ = {
			isa = PBXContainerItemProxy;
			containerPortal = A56695E41CE8B34B00BD7EAF /* Project object */;
			proxyType = 1;
			remoteGlobalIDString = A56695EB1CE8B34B00BD7EAF;
			remoteInfo = DisplayLiveSamples;
		};
/* End PBXContainerItemProxy section */

/* Begin PBXFileReference section */
		A56695EC1CE8B34B00BD7EAF /* DisplayLiveSamples.app */ = {isa = PBXFileReference; explicitFileType = wrapper.application; includeInIndex = 0; path = DisplayLiveSamples.app; sourceTree = BUILT_PRODUCTS_DIR; };
		A56695EF1CE8B34B00BD7EAF /* AppDelegate.swift */ = {isa = PBXFileReference; lastKnownFileType = sourcecode.swift; path = AppDelegate.swift; sourceTree = "<group>"; };
		A56695F11CE8B34B00BD7EAF /* ViewController.swift */ = {isa = PBXFileReference; lastKnownFileType = sourcecode.swift; path = ViewController.swift; sourceTree = "<group>"; };
		A56695F41CE8B34B00BD7EAF /* Base */ = {isa = PBXFileReference; lastKnownFileType = file.storyboard; name = Base; path = Base.lproj/Main.storyboard; sourceTree = "<group>"; };
		A56695F61CE8B34B00BD7EAF /* Assets.xcassets */ = {isa = PBXFileReference; lastKnownFileType = folder.assetcatalog; path = Assets.xcassets; sourceTree = "<group>"; };
		A56695F91CE8B34B00BD7EAF /* Base */ = {isa = PBXFileReference; lastKnownFileType = file.storyboard; name = Base; path = Base.lproj/LaunchScreen.storyboard; sourceTree = "<group>"; };
		A56695FB1CE8B34B00BD7EAF /* Info.plist */ = {isa = PBXFileReference; lastKnownFileType = text.plist.xml; path = Info.plist; sourceTree = "<group>"; };
		A56696001CE8B34B00BD7EAF /* DisplayLiveSamplesTests.xctest */ = {isa = PBXFileReference; explicitFileType = wrapper.cfbundle; includeInIndex = 0; path = DisplayLiveSamplesTests.xctest; sourceTree = BUILT_PRODUCTS_DIR; };
		A56696041CE8B34B00BD7EAF /* DisplayLiveSamplesTests.swift */ = {isa = PBXFileReference; lastKnownFileType = sourcecode.swift; path = DisplayLiveSamplesTests.swift; sourceTree = "<group>"; };
		A56696061CE8B34B00BD7EAF /* Info.plist */ = {isa = PBXFileReference; lastKnownFileType = text.plist.xml; path = Info.plist; sourceTree = "<group>"; };
		A566960B1CE8B34B00BD7EAF /* DisplayLiveSamplesUITests.xctest */ = {isa = PBXFileReference; explicitFileType = wrapper.cfbundle; includeInIndex = 0; path = DisplayLiveSamplesUITests.xctest; sourceTree = BUILT_PRODUCTS_DIR; };
		A566960F1CE8B34B00BD7EAF /* DisplayLiveSamplesUITests.swift */ = {isa = PBXFileReference; lastKnownFileType = sourcecode.swift; path = DisplayLiveSamplesUITests.swift; sourceTree = "<group>"; };
		A56696111CE8B34B00BD7EAF /* Info.plist */ = {isa = PBXFileReference; lastKnownFileType = text.plist.xml; path = Info.plist; sourceTree = "<group>"; };
		A566961D1CE8B4A100BD7EAF /* SessionHandler.swift */ = {isa = PBXFileReference; fileEncoding = 4; lastKnownFileType = sourcecode.swift; path = SessionHandler.swift; sourceTree = "<group>"; };
		A5A1B2CF1CEA317B00626AC5 /* DisplayLiveSamples-Bridging-Header.h */ = {isa = PBXFileReference; lastKnownFileType = sourcecode.c.h; path = "DisplayLiveSamples-Bridging-Header.h"; sourceTree = "<group>"; };
		A5A1B2D01CEA317B00626AC5 /* DlibWrapper.h */ = {isa = PBXFileReference; fileEncoding = 4; lastKnownFileType = sourcecode.c.h; path = DlibWrapper.h; sourceTree = "<group>"; };
		A5A1B2D11CEA317B00626AC5 /* DlibWrapper.mm */ = {isa = PBXFileReference; fileEncoding = 4; lastKnownFileType = sourcecode.cpp.objcpp; path = DlibWrapper.mm; sourceTree = "<group>"; };
/* End PBXFileReference section */

/* Begin PBXFrameworksBuildPhase section */
		A56695E91CE8B34B00BD7EAF /* Frameworks */ = {
			isa = PBXFrameworksBuildPhase;
			buildActionMask = 2147483647;
			files = (
			);
			runOnlyForDeploymentPostprocessing = 0;
		};
		A56695FD1CE8B34B00BD7EAF /* Frameworks */ = {
			isa = PBXFrameworksBuildPhase;
			buildActionMask = 2147483647;
			files = (
			);
			runOnlyForDeploymentPostprocessing = 0;
		};
		A56696081CE8B34B00BD7EAF /* Frameworks */ = {
			isa = PBXFrameworksBuildPhase;
			buildActionMask = 2147483647;
			files = (
			);
			runOnlyForDeploymentPostprocessing = 0;
		};
/* End PBXFrameworksBuildPhase section */

/* Begin PBXGroup section */
		A56695E31CE8B34B00BD7EAF = {
			isa = PBXGroup;
			children = (
				A56695EE1CE8B34B00BD7EAF /* DisplayLiveSamples */,
				A56696031CE8B34B00BD7EAF /* DisplayLiveSamplesTests */,
				A566960E1CE8B34B00BD7EAF /* DisplayLiveSamplesUITests */,
				A56695ED1CE8B34B00BD7EAF /* Products */,
			);
			sourceTree = "<group>";
		};
		A56695ED1CE8B34B00BD7EAF /* Products */ = {
			isa = PBXGroup;
			children = (
				A56695EC1CE8B34B00BD7EAF /* DisplayLiveSamples.app */,
				A56696001CE8B34B00BD7EAF /* DisplayLiveSamplesTests.xctest */,
				A566960B1CE8B34B00BD7EAF /* DisplayLiveSamplesUITests.xctest */,
			);
			name = Products;
			sourceTree = "<group>";
		};
		A56695EE1CE8B34B00BD7EAF /* DisplayLiveSamples */ = {
			isa = PBXGroup;
			children = (
				A5A1B2D01CEA317B00626AC5 /* DlibWrapper.h */,
				A5A1B2D11CEA317B00626AC5 /* DlibWrapper.mm */,
				A56695EF1CE8B34B00BD7EAF /* AppDelegate.swift */,
				A56695F11CE8B34B00BD7EAF /* ViewController.swift */,
				A566961D1CE8B4A100BD7EAF /* SessionHandler.swift */,
				A56695F31CE8B34B00BD7EAF /* Main.storyboard */,
				A56695F61CE8B34B00BD7EAF /* Assets.xcassets */,
				A56695F81CE8B34B00BD7EAF /* LaunchScreen.storyboard */,
				A56695FB1CE8B34B00BD7EAF /* Info.plist */,
				A5A1B2CF1CEA317B00626AC5 /* DisplayLiveSamples-Bridging-Header.h */,
			);
			path = DisplayLiveSamples;
			sourceTree = "<group>";
		};
		A56696031CE8B34B00BD7EAF /* DisplayLiveSamplesTests */ = {
			isa = PBXGroup;
			children = (
				A56696041CE8B34B00BD7EAF /* DisplayLiveSamplesTests.swift */,
				A56696061CE8B34B00BD7EAF /* Info.plist */,
			);
			path = DisplayLiveSamplesTests;
			sourceTree = "<group>";
		};
		A566960E1CE8B34B00BD7EAF /* DisplayLiveSamplesUITests */ = {
			isa = PBXGroup;
			children = (
				A566960F1CE8B34B00BD7EAF /* DisplayLiveSamplesUITests.swift */,
				A56696111CE8B34B00BD7EAF /* Info.plist */,
			);
			path = DisplayLiveSamplesUITests;
			sourceTree = "<group>";
		};
/* End PBXGroup section */

/* Begin PBXNativeTarget section */
		A56695EB1CE8B34B00BD7EAF /* DisplayLiveSamples */ = {
			isa = PBXNativeTarget;
			buildConfigurationList = A56696141CE8B34B00BD7EAF /* Build configuration list for PBXNativeTarget "DisplayLiveSamples" */;
			buildPhases = (
				A56695E81CE8B34B00BD7EAF /* Sources */,
				A56695E91CE8B34B00BD7EAF /* Frameworks */,
				A56695EA1CE8B34B00BD7EAF /* Resources */,
			);
			buildRules = (
			);
			dependencies = (
			);
			name = DisplayLiveSamples;
			productName = DisplayLiveSamples;
			productReference = A56695EC1CE8B34B00BD7EAF /* DisplayLiveSamples.app */;
			productType = "com.apple.product-type.application";
		};
		A56695FF1CE8B34B00BD7EAF /* DisplayLiveSamplesTests */ = {
			isa = PBXNativeTarget;
			buildConfigurationList = A56696171CE8B34B00BD7EAF /* Build configuration list for PBXNativeTarget "DisplayLiveSamplesTests" */;
			buildPhases = (
				A56695FC1CE8B34B00BD7EAF /* Sources */,
				A56695FD1CE8B34B00BD7EAF /* Frameworks */,
				A56695FE1CE8B34B00BD7EAF /* Resources */,
			);
			buildRules = (
			);
			dependencies = (
				A56696021CE8B34B00BD7EAF /* PBXTargetDependency */,
			);
			name = DisplayLiveSamplesTests;
			productName = DisplayLiveSamplesTests;
			productReference = A56696001CE8B34B00BD7EAF /* DisplayLiveSamplesTests.xctest */;
			productType = "com.apple.product-type.bundle.unit-test";
		};
		A566960A1CE8B34B00BD7EAF /* DisplayLiveSamplesUITests */ = {
			isa = PBXNativeTarget;
			buildConfigurationList = A566961A1CE8B34B00BD7EAF /* Build configuration list for PBXNativeTarget "DisplayLiveSamplesUITests" */;
			buildPhases = (
				A56696071CE8B34B00BD7EAF /* Sources */,
				A56696081CE8B34B00BD7EAF /* Frameworks */,
				A56696091CE8B34B00BD7EAF /* Resources */,
			);
			buildRules = (
			);
			dependencies = (
				A566960D1CE8B34B00BD7EAF /* PBXTargetDependency */,
			);
			name = DisplayLiveSamplesUITests;
			productName = DisplayLiveSamplesUITests;
			productReference = A566960B1CE8B34B00BD7EAF /* DisplayLiveSamplesUITests.xctest */;
			productType = "com.apple.product-type.bundle.ui-testing";
		};
/* End PBXNativeTarget section */

/* Begin PBXProject section */
		A56695E41CE8B34B00BD7EAF /* Project object */ = {
			isa = PBXProject;
			attributes = {
				LastSwiftUpdateCheck = 0730;
				LastUpgradeCheck = 0730;
				ORGANIZATIONNAME = ZweiGraf;
				TargetAttributes = {
					A56695EB1CE8B34B00BD7EAF = {
						CreatedOnToolsVersion = 7.3.1;
					};
					A56695FF1CE8B34B00BD7EAF = {
						CreatedOnToolsVersion = 7.3.1;
						TestTargetID = A56695EB1CE8B34B00BD7EAF;
					};
					A566960A1CE8B34B00BD7EAF = {
						CreatedOnToolsVersion = 7.3.1;
						TestTargetID = A56695EB1CE8B34B00BD7EAF;
					};
				};
			};
			buildConfigurationList = A56695E71CE8B34B00BD7EAF /* Build configuration list for PBXProject "DisplayLiveSamples" */;
			compatibilityVersion = "Xcode 3.2";
			developmentRegion = English;
			hasScannedForEncodings = 0;
			knownRegions = (
				en,
				Base,
			);
			mainGroup = A56695E31CE8B34B00BD7EAF;
			productRefGroup = A56695ED1CE8B34B00BD7EAF /* Products */;
			projectDirPath = "";
			projectRoot = "";
			targets = (
				A56695EB1CE8B34B00BD7EAF /* DisplayLiveSamples */,
				A56695FF1CE8B34B00BD7EAF /* DisplayLiveSamplesTests */,
				A566960A1CE8B34B00BD7EAF /* DisplayLiveSamplesUITests */,
			);
		};
/* End PBXProject section */

/* Begin PBXResourcesBuildPhase section */
		A56695EA1CE8B34B00BD7EAF /* Resources */ = {
			isa = PBXResourcesBuildPhase;
			buildActionMask = 2147483647;
			files = (
				A56695FA1CE8B34B00BD7EAF /* LaunchScreen.storyboard in Resources */,
				A56695F71CE8B34B00BD7EAF /* Assets.xcassets in Resources */,
				A56695F51CE8B34B00BD7EAF /* Main.storyboard in Resources */,
			);
			runOnlyForDeploymentPostprocessing = 0;
		};
		A56695FE1CE8B34B00BD7EAF /* Resources */ = {
			isa = PBXResourcesBuildPhase;
			buildActionMask = 2147483647;
			files = (
			);
			runOnlyForDeploymentPostprocessing = 0;
		};
		A56696091CE8B34B00BD7EAF /* Resources */ = {
			isa = PBXResourcesBuildPhase;
			buildActionMask = 2147483647;
			files = (
			);
			runOnlyForDeploymentPostprocessing = 0;
		};
/* End PBXResourcesBuildPhase section */

/* Begin PBXSourcesBuildPhase section */
		A56695E81CE8B34B00BD7EAF /* Sources */ = {
			isa = PBXSourcesBuildPhase;
			buildActionMask = 2147483647;
			files = (
				A5A1B2D21CEA317B00626AC5 /* DlibWrapper.mm in Sources */,
				A56695F21CE8B34B00BD7EAF /* ViewController.swift in Sources */,
				A566961E1CE8B4A100BD7EAF /* SessionHandler.swift in Sources */,
				A56695F01CE8B34B00BD7EAF /* AppDelegate.swift in Sources */,
			);
			runOnlyForDeploymentPostprocessing = 0;
		};
		A56695FC1CE8B34B00BD7EAF /* Sources */ = {
			isa = PBXSourcesBuildPhase;
			buildActionMask = 2147483647;
			files = (
				A56696051CE8B34B00BD7EAF /* DisplayLiveSamplesTests.swift in Sources */,
			);
			runOnlyForDeploymentPostprocessing = 0;
		};
		A56696071CE8B34B00BD7EAF /* Sources */ = {
			isa = PBXSourcesBuildPhase;
			buildActionMask = 2147483647;
			files = (
				A56696101CE8B34B00BD7EAF /* DisplayLiveSamplesUITests.swift in Sources */,
			);
			runOnlyForDeploymentPostprocessing = 0;
		};
/* End PBXSourcesBuildPhase section */

/* Begin PBXTargetDependency section */
		A56696021CE8B34B00BD7EAF /* PBXTargetDependency */ = {
			isa = PBXTargetDependency;
			target = A56695EB1CE8B34B00BD7EAF /* DisplayLiveSamples */;
			targetProxy = A56696011CE8B34B00BD7EAF /* PBXContainerItemProxy */;
		};
		A566960D1CE8B34B00BD7EAF /* PBXTargetDependency */ = {
			isa = PBXTargetDependency;
			target = A56695EB1CE8B34B00BD7EAF /* DisplayLiveSamples */;
			targetProxy = A566960C1CE8B34B00BD7EAF /* PBXContainerItemProxy */;
		};
/* End PBXTargetDependency section */

/* Begin PBXVariantGroup section */
		A56695F31CE8B34B00BD7EAF /* Main.storyboard */ = {
			isa = PBXVariantGroup;
			children = (
				A56695F41CE8B34B00BD7EAF /* Base */,
			);
			name = Main.storyboard;
			sourceTree = "<group>";
		};
		A56695F81CE8B34B00BD7EAF /* LaunchScreen.storyboard */ = {
			isa = PBXVariantGroup;
			children = (
				A56695F91CE8B34B00BD7EAF /* Base */,
			);
			name = LaunchScreen.storyboard;
			sourceTree = "<group>";
		};
/* End PBXVariantGroup section */

/* Begin XCBuildConfiguration section */
		A56696121CE8B34B00BD7EAF /* Debug */ = {
			isa = XCBuildConfiguration;
			buildSettings = {
				ALWAYS_SEARCH_USER_PATHS = NO;
				CLANG_ANALYZER_NONNULL = YES;
				CLANG_CXX_LANGUAGE_STANDARD = "gnu++0x";
				CLANG_CXX_LIBRARY = "libc++";
				CLANG_ENABLE_MODULES = YES;
				CLANG_ENABLE_OBJC_ARC = YES;
				CLANG_WARN_BOOL_CONVERSION = YES;
				CLANG_WARN_CONSTANT_CONVERSION = YES;
				CLANG_WARN_DIRECT_OBJC_ISA_USAGE = YES_ERROR;
				CLANG_WARN_EMPTY_BODY = YES;
				CLANG_WARN_ENUM_CONVERSION = YES;
				CLANG_WARN_INT_CONVERSION = YES;
				CLANG_WARN_OBJC_ROOT_CLASS = YES_ERROR;
				CLANG_WARN_UNREACHABLE_CODE = YES;
				CLANG_WARN__DUPLICATE_METHOD_MATCH = YES;
				"CODE_SIGN_IDENTITY[sdk=iphoneos*]" = "iPhone Developer";
				COPY_PHASE_STRIP = NO;
				DEBUG_INFORMATION_FORMAT = dwarf;
				ENABLE_STRICT_OBJC_MSGSEND = YES;
				ENABLE_TESTABILITY = YES;
				GCC_C_LANGUAGE_STANDARD = gnu99;
				GCC_DYNAMIC_NO_PIC = NO;
				GCC_NO_COMMON_BLOCKS = YES;
				GCC_OPTIMIZATION_LEVEL = 0;
				GCC_PREPROCESSOR_DEFINITIONS = (
					"DEBUG=1",
					"$(inherited)",
				);
				GCC_WARN_64_TO_32_BIT_CONVERSION = YES;
				GCC_WARN_ABOUT_RETURN_TYPE = YES_ERROR;
				GCC_WARN_UNDECLARED_SELECTOR = YES;
				GCC_WARN_UNINITIALIZED_AUTOS = YES_AGGRESSIVE;
				GCC_WARN_UNUSED_FUNCTION = YES;
				GCC_WARN_UNUSED_VARIABLE = YES;
				IPHONEOS_DEPLOYMENT_TARGET = 9.3;
				MTL_ENABLE_DEBUG_INFO = YES;
				ONLY_ACTIVE_ARCH = YES;
				SDKROOT = iphoneos;
				SWIFT_OPTIMIZATION_LEVEL = "-Onone";
				TARGETED_DEVICE_FAMILY = "1,2";
			};
			name = Debug;
		};
		A56696131CE8B34B00BD7EAF /* Release */ = {
			isa = XCBuildConfiguration;
			buildSettings = {
				ALWAYS_SEARCH_USER_PATHS = NO;
				CLANG_ANALYZER_NONNULL = YES;
				CLANG_CXX_LANGUAGE_STANDARD = "gnu++0x";
				CLANG_CXX_LIBRARY = "libc++";
				CLANG_ENABLE_MODULES = YES;
				CLANG_ENABLE_OBJC_ARC = YES;
				CLANG_WARN_BOOL_CONVERSION = YES;
				CLANG_WARN_CONSTANT_CONVERSION = YES;
				CLANG_WARN_DIRECT_OBJC_ISA_USAGE = YES_ERROR;
				CLANG_WARN_EMPTY_BODY = YES;
				CLANG_WARN_ENUM_CONVERSION = YES;
				CLANG_WARN_INT_CONVERSION = YES;
				CLANG_WARN_OBJC_ROOT_CLASS = YES_ERROR;
				CLANG_WARN_UNREACHABLE_CODE = YES;
				CLANG_WARN__DUPLICATE_METHOD_MATCH = YES;
				"CODE_SIGN_IDENTITY[sdk=iphoneos*]" = "iPhone Developer";
				COPY_PHASE_STRIP = NO;
				DEBUG_INFORMATION_FORMAT = "dwarf-with-dsym";
				ENABLE_NS_ASSERTIONS = NO;
				ENABLE_STRICT_OBJC_MSGSEND = YES;
				GCC_C_LANGUAGE_STANDARD = gnu99;
				GCC_NO_COMMON_BLOCKS = YES;
				GCC_WARN_64_TO_32_BIT_CONVERSION = YES;
				GCC_WARN_ABOUT_RETURN_TYPE = YES_ERROR;
				GCC_WARN_UNDECLARED_SELECTOR = YES;
				GCC_WARN_UNINITIALIZED_AUTOS = YES_AGGRESSIVE;
				GCC_WARN_UNUSED_FUNCTION = YES;
				GCC_WARN_UNUSED_VARIABLE = YES;
				IPHONEOS_DEPLOYMENT_TARGET = 9.3;
				MTL_ENABLE_DEBUG_INFO = NO;
				SDKROOT = iphoneos;
				TARGETED_DEVICE_FAMILY = "1,2";
				VALIDATE_PRODUCT = YES;
			};
			name = Release;
		};
		A56696151CE8B34B00BD7EAF /* Debug */ = {
			isa = XCBuildConfiguration;
			buildSettings = {
				ASSETCATALOG_COMPILER_APPICON_NAME = AppIcon;
				CLANG_ENABLE_MODULES = YES;
				INFOPLIST_FILE = DisplayLiveSamples/Info.plist;
				LD_RUNPATH_SEARCH_PATHS = "$(inherited) @executable_path/Frameworks";
				PRODUCT_BUNDLE_IDENTIFIER = com.zweigraf.DisplayLiveSamples;
				PRODUCT_NAME = "$(TARGET_NAME)";
				SWIFT_OBJC_BRIDGING_HEADER = "DisplayLiveSamples/DisplayLiveSamples-Bridging-Header.h";
				SWIFT_OPTIMIZATION_LEVEL = "-Onone";
			};
			name = Debug;
		};
		A56696161CE8B34B00BD7EAF /* Release */ = {
			isa = XCBuildConfiguration;
			buildSettings = {
				ASSETCATALOG_COMPILER_APPICON_NAME = AppIcon;
				CLANG_ENABLE_MODULES = YES;
				INFOPLIST_FILE = DisplayLiveSamples/Info.plist;
				LD_RUNPATH_SEARCH_PATHS = "$(inherited) @executable_path/Frameworks";
				PRODUCT_BUNDLE_IDENTIFIER = com.zweigraf.DisplayLiveSamples;
				PRODUCT_NAME = "$(TARGET_NAME)";
				SWIFT_OBJC_BRIDGING_HEADER = "DisplayLiveSamples/DisplayLiveSamples-Bridging-Header.h";
			};
			name = Release;
		};
		A56696181CE8B34B00BD7EAF /* Debug */ = {
			isa = XCBuildConfiguration;
			buildSettings = {
				BUNDLE_LOADER = "$(TEST_HOST)";
				INFOPLIST_FILE = DisplayLiveSamplesTests/Info.plist;
				LD_RUNPATH_SEARCH_PATHS = "$(inherited) @executable_path/Frameworks @loader_path/Frameworks";
				PRODUCT_BUNDLE_IDENTIFIER = com.zweigraf.DisplayLiveSamplesTests;
				PRODUCT_NAME = "$(TARGET_NAME)";
				TEST_HOST = "$(BUILT_PRODUCTS_DIR)/DisplayLiveSamples.app/DisplayLiveSamples";
			};
			name = Debug;
		};
		A56696191CE8B34B00BD7EAF /* Release */ = {
			isa = XCBuildConfiguration;
			buildSettings = {
				BUNDLE_LOADER = "$(TEST_HOST)";
				INFOPLIST_FILE = DisplayLiveSamplesTests/Info.plist;
				LD_RUNPATH_SEARCH_PATHS = "$(inherited) @executable_path/Frameworks @loader_path/Frameworks";
				PRODUCT_BUNDLE_IDENTIFIER = com.zweigraf.DisplayLiveSamplesTests;
				PRODUCT_NAME = "$(TARGET_NAME)";
				TEST_HOST = "$(BUILT_PRODUCTS_DIR)/DisplayLiveSamples.app/DisplayLiveSamples";
			};
			name = Release;
		};
		A566961B1CE8B34B00BD7EAF /* Debug */ = {
			isa = XCBuildConfiguration;
			buildSettings = {
				INFOPLIST_FILE = DisplayLiveSamplesUITests/Info.plist;
				LD_RUNPATH_SEARCH_PATHS = "$(inherited) @executable_path/Frameworks @loader_path/Frameworks";
				PRODUCT_BUNDLE_IDENTIFIER = com.zweigraf.DisplayLiveSamplesUITests;
				PRODUCT_NAME = "$(TARGET_NAME)";
				TEST_TARGET_NAME = DisplayLiveSamples;
			};
			name = Debug;
		};
		A566961C1CE8B34B00BD7EAF /* Release */ = {
			isa = XCBuildConfiguration;
			buildSettings = {
				INFOPLIST_FILE = DisplayLiveSamplesUITests/Info.plist;
				LD_RUNPATH_SEARCH_PATHS = "$(inherited) @executable_path/Frameworks @loader_path/Frameworks";
				PRODUCT_BUNDLE_IDENTIFIER = com.zweigraf.DisplayLiveSamplesUITests;
				PRODUCT_NAME = "$(TARGET_NAME)";
				TEST_TARGET_NAME = DisplayLiveSamples;
			};
			name = Release;
		};
/* End XCBuildConfiguration section */

/* Begin XCConfigurationList section */
		A56695E71CE8B34B00BD7EAF /* Build configuration list for PBXProject "DisplayLiveSamples" */ = {
			isa = XCConfigurationList;
			buildConfigurations = (
				A56696121CE8B34B00BD7EAF /* Debug */,
				A56696131CE8B34B00BD7EAF /* Release */,
			);
			defaultConfigurationIsVisible = 0;
			defaultConfigurationName = Release;
		};
		A56696141CE8B34B00BD7EAF /* Build configuration list for PBXNativeTarget "DisplayLiveSamples" */ = {
			isa = XCConfigurationList;
			buildConfigurations = (
				A56696151CE8B34B00BD7EAF /* Debug */,
				A56696161CE8B34B00BD7EAF /* Release */,
			);
			defaultConfigurationIsVisible = 0;
			defaultConfigurationName = Release;
		};
		A56696171CE8B34B00BD7EAF /* Build configuration list for PBXNativeTarget "DisplayLiveSamplesTests" */ = {
			isa = XCConfigurationList;
			buildConfigurations = (
				A56696181CE8B34B00BD7EAF /* Debug */,
				A56696191CE8B34B00BD7EAF /* Release */,
			);
			defaultConfigurationIsVisible = 0;
			defaultConfigurationName = Release;
		};
		A566961A1CE8B34B00BD7EAF /* Build configuration list for PBXNativeTarget "DisplayLiveSamplesUITests" */ = {
			isa = XCConfigurationList;
			buildConfigurations = (
				A566961B1CE8B34B00BD7EAF /* Debug */,
				A566961C1CE8B34B00BD7EAF /* Release */,
			);
			defaultConfigurationIsVisible = 0;
			defaultConfigurationName = Release;
		};
/* End XCConfigurationList section */
	};
	rootObject = A56695E41CE8B34B00BD7EAF /* Project object */;
}
